
Microsoft Visual Studio Solution File, Format Version 12.00
# Visual Studio Version 17
VisualStudioVersion = 17.1.32328.378
MinimumVisualStudioVersion = 10.0.40219.1
Project("{FAE04EC0-301F-11D3-BF4B-00C04F79EFBC}") = "rsa-app", "rsa-app.csproj", "{24D61564-0EEF-4DB3-B2B0-D74AA99ABB7F}"
EndProject
Global
	GlobalSection(SolutionConfigurationPlatforms) = preSolution
		Debug|Any CPU = Debug|Any CPU
		Release|Any CPU = Release|Any CPU
	EndGlobalSection
	GlobalSection(ProjectConfigurationPlatforms) = postSolution
		{24D61564-0EEF-4DB3-B2B0-D74AA99ABB7F}.Debug|Any CPU.ActiveCfg = Debug|Any CPU
		{24D61564-0EEF-4DB3-B2B0-D74AA99ABB7F}.Debug|Any CPU.Build.0 = Debug|Any CPU
		{24D61564-0EEF-4DB3-B2B0-D74AA99ABB7F}.Release|Any CPU.ActiveCfg = Release|Any CPU
		{24D61564-0EEF-4DB3-B2B0-D74AA99ABB7F}.Release|Any CPU.Build.0 = Release|Any CPU
	EndGlobalSection
	GlobalSection(SolutionProperties) = preSolution
		HideSolutionNode = FALSE
	EndGlobalSection
	GlobalSection(ExtensibilityGlobals) = postSolution
		SolutionGuid = {666CF317-8975-4996-AF2F-0C9558C1A6E1}
	EndGlobalSection
EndGlobal
